
Microsoft Visual Studio Solution File, Format Version 12.00
# Visual Studio Version 16
VisualStudioVersion = 16.0.31624.102
MinimumVisualStudioVersion = 10.0.40219.1
Project("{FAE04EC0-301F-11D3-BF4B-00C04F79EFBC}") = "TraningApplication.UI", "TraningApplication.UI\TraningApplication.UI.csproj", "{293732CF-DA0F-4A77-BC19-77ADEE72C995}"
EndProject
Project("{FAE04EC0-301F-11D3-BF4B-00C04F79EFBC}") = "TrainingApplication.VIewModel", "TrainingApplication.VIewModel\TrainingApplication.VIewModel.csproj", "{EE194578-D9D1-49B5-8C89-8A5F07E218DB}"
EndProject
Project("{FAE04EC0-301F-11D3-BF4B-00C04F79EFBC}") = "TrainingApplication.Core", "TrainingApplication.Core\TrainingApplication.Core.csproj", "{0722FCEB-5BC9-4382-B4BA-D89DBE4DD963}"
EndProject
Global
	GlobalSection(SolutionConfigurationPlatforms) = preSolution
		Debug|Any CPU = Debug|Any CPU
		Release|Any CPU = Release|Any CPU
	EndGlobalSection
	GlobalSection(ProjectConfigurationPlatforms) = postSolution
		{293732CF-DA0F-4A77-BC19-77ADEE72C995}.Debug|Any CPU.ActiveCfg = Debug|Any CPU
		{293732CF-DA0F-4A77-BC19-77ADEE72C995}.Debug|Any CPU.Build.0 = Debug|Any CPU
		{293732CF-DA0F-4A77-BC19-77ADEE72C995}.Release|Any CPU.ActiveCfg = Release|Any CPU
		{293732CF-DA0F-4A77-BC19-77ADEE72C995}.Release|Any CPU.Build.0 = Release|Any CPU
		{EE194578-D9D1-49B5-8C89-8A5F07E218DB}.Debug|Any CPU.ActiveCfg = Debug|Any CPU
		{EE194578-D9D1-49B5-8C89-8A5F07E218DB}.Debug|Any CPU.Build.0 = Debug|Any CPU
		{EE194578-D9D1-49B5-8C89-8A5F07E218DB}.Release|Any CPU.ActiveCfg = Release|Any CPU
		{EE194578-D9D1-49B5-8C89-8A5F07E218DB}.Release|Any CPU.Build.0 = Release|Any CPU
		{0722FCEB-5BC9-4382-B4BA-D89DBE4DD963}.Debug|Any CPU.ActiveCfg = Debug|Any CPU
		{0722FCEB-5BC9-4382-B4BA-D89DBE4DD963}.Debug|Any CPU.Build.0 = Debug|Any CPU
		{0722FCEB-5BC9-4382-B4BA-D89DBE4DD963}.Release|Any CPU.ActiveCfg = Release|Any CPU
		{0722FCEB-5BC9-4382-B4BA-D89DBE4DD963}.Release|Any CPU.Build.0 = Release|Any CPU
	EndGlobalSection
	GlobalSection(SolutionProperties) = preSolution
		HideSolutionNode = FALSE
	EndGlobalSection
	GlobalSection(ExtensibilityGlobals) = postSolution
		SolutionGuid = {51A2FA31-3D08-46F9-AF9D-ABCA3508028D}
	EndGlobalSection
EndGlobal
